# This file is @generated by PDM.
# It is not intended for manual editing.

[metadata]
groups = ["default", "lint", "release", "test"]
strategy = ["cross_platform"]
lock_version = "4.5.0"
content_hash = "sha256:db0ca81a4e40360f668f82849d43f375c0e80bf5e3eb92832bc265b859f3a7c0"

[[metadata.targets]]
requires_python = ">=3.8.1"

[[package]]
name = "annotated-types"
version = "0.6.0"
requires_python = ">=3.8"
summary = "Reusable constraint types to use with typing.Annotated"
dependencies = [
    "typing-extensions>=4.0.0; python_version < \"3.9\"",
]
files = [
    {file = "annotated_types-0.6.0-py3-none-any.whl", hash = "sha256:0641064de18ba7a25dee8f96403ebc39113d0cb953a01429249d5c7564666a43"},
    {file = "annotated_types-0.6.0.tar.gz", hash = "sha256:563339e807e53ffd9c267e99fc6d9ea23eb8443c08f112651963e24e22f84a5d"},
]

[[package]]
name = "anyio"
version = "4.3.0"
requires_python = ">=3.8"
summary = "High level compatibility layer for multiple asynchronous event loop implementations"
dependencies = [
    "exceptiongroup>=1.0.2; python_version < \"3.11\"",
    "idna>=2.8",
    "sniffio>=1.1",
    "typing-extensions>=4.1; python_version < \"3.11\"",
]
files = [
    {file = "anyio-4.3.0-py3-none-any.whl", hash = "sha256:048e05d0f6caeed70d731f3db756d35dcc1f35747c8c403364a8332c630441b8"},
    {file = "anyio-4.3.0.tar.gz", hash = "sha256:f75253795a87df48568485fd18cdd2a3fa5c4f7c5be8e5e36637733fce06fed6"},
]

[[package]]
name = "attrs"
version = "23.2.0"
requires_python = ">=3.7"
summary = "Classes Without Boilerplate"
dependencies = [
    "importlib-metadata; python_version < \"3.8\"",
]
files = [
    {file = "attrs-23.2.0-py3-none-any.whl", hash = "sha256:99b87a485a5820b23b879f04c2305b44b951b502fd64be915879d77a7e8fc6f1"},
    {file = "attrs-23.2.0.tar.gz", hash = "sha256:935dc3b529c262f6cf76e50877d35a4bd3c1de194fd41f47a2b7ae8f19971f30"},
]

[[package]]
name = "black"
version = "23.3.0"
requires_python = ">=3.7"
summary = "The uncompromising code formatter."
dependencies = [
    "click>=8.0.0",
    "mypy-extensions>=0.4.3",
    "packaging>=22.0",
    "pathspec>=0.9.0",
    "platformdirs>=2",
    "tomli>=1.1.0; python_version < \"3.11\"",
    "typed-ast>=1.4.2; python_version < \"3.8\" and implementation_name == \"cpython\"",
    "typing-extensions>=3.10.0.0; python_version < \"3.10\"",
]
files = [
    {file = "black-23.3.0-cp310-cp310-macosx_10_16_arm64.whl", hash = "sha256:0945e13506be58bf7db93ee5853243eb368ace1c08a24c65ce108986eac65915"},
    {file = "black-23.3.0-cp310-cp310-macosx_10_16_universal2.whl", hash = "sha256:67de8d0c209eb5b330cce2469503de11bca4085880d62f1628bd9972cc3366b9"},
    {file = "black-23.3.0-cp310-cp310-macosx_10_16_x86_64.whl", hash = "sha256:7c3eb7cea23904399866c55826b31c1f55bbcd3890ce22ff70466b907b6775c2"},
    {file = "black-23.3.0-cp310-cp310-manylinux_2_17_x86_64.manylinux2014_x86_64.whl", hash = "sha256:32daa9783106c28815d05b724238e30718f34155653d4d6e125dc7daec8e260c"},
    {file = "black-23.3.0-cp310-cp310-win_amd64.whl", hash = "sha256:35d1381d7a22cc5b2be2f72c7dfdae4072a3336060635718cc7e1ede24221d6c"},
    {file = "black-23.3.0-cp311-cp311-macosx_10_16_arm64.whl", hash = "sha256:a8a968125d0a6a404842fa1bf0b349a568634f856aa08ffaff40ae0dfa52e7c6"},
    {file = "black-23.3.0-cp311-cp311-macosx_10_16_universal2.whl", hash = "sha256:c7ab5790333c448903c4b721b59c0d80b11fe5e9803d8703e84dcb8da56fec1b"},
    {file = "black-23.3.0-cp311-cp311-macosx_10_16_x86_64.whl", hash = "sha256:a6f6886c9869d4daae2d1715ce34a19bbc4b95006d20ed785ca00fa03cba312d"},
    {file = "black-23.3.0-cp311-cp311-manylinux_2_17_x86_64.manylinux2014_x86_64.whl", hash = "sha256:6f3c333ea1dd6771b2d3777482429864f8e258899f6ff05826c3a4fcc5ce3f70"},
    {file = "black-23.3.0-cp311-cp311-win_amd64.whl", hash = "sha256:11c410f71b876f961d1de77b9699ad19f939094c3a677323f43d7a29855fe326"},
    {file = "black-23.3.0-cp38-cp38-macosx_10_16_arm64.whl", hash = "sha256:48f9d345675bb7fbc3dd85821b12487e1b9a75242028adad0333ce36ed2a6d27"},
    {file = "black-23.3.0-cp38-cp38-macosx_10_16_universal2.whl", hash = "sha256:714290490c18fb0126baa0fca0a54ee795f7502b44177e1ce7624ba1c00f2331"},
    {file = "black-23.3.0-cp38-cp38-macosx_10_16_x86_64.whl", hash = "sha256:064101748afa12ad2291c2b91c960be28b817c0c7eaa35bec09cc63aa56493c5"},
    {file = "black-23.3.0-cp38-cp38-manylinux_2_17_x86_64.manylinux2014_x86_64.whl", hash = "sha256:562bd3a70495facf56814293149e51aa1be9931567474993c7942ff7d3533961"},
    {file = "black-23.3.0-cp38-cp38-win_amd64.whl", hash = "sha256:e198cf27888ad6f4ff331ca1c48ffc038848ea9f031a3b40ba36aced7e22f2c8"},
    {file = "black-23.3.0-cp39-cp39-macosx_10_16_arm64.whl", hash = "sha256:3238f2aacf827d18d26db07524e44741233ae09a584273aa059066d644ca7b30"},
    {file = "black-23.3.0-cp39-cp39-macosx_10_16_universal2.whl", hash = "sha256:f0bd2f4a58d6666500542b26354978218a9babcdc972722f4bf90779524515f3"},
    {file = "black-23.3.0-cp39-cp39-macosx_10_16_x86_64.whl", hash = "sha256:92c543f6854c28a3c7f39f4d9b7694f9a6eb9d3c5e2ece488c327b6e7ea9b266"},
    {file = "black-23.3.0-cp39-cp39-manylinux_2_17_x86_64.manylinux2014_x86_64.whl", hash = "sha256:3a150542a204124ed00683f0db1f5cf1c2aaaa9cc3495b7a3b5976fb136090ab"},
    {file = "black-23.3.0-cp39-cp39-win_amd64.whl", hash = "sha256:6b39abdfb402002b8a7d030ccc85cf5afff64ee90fa4c5aebc531e3ad0175ddb"},
    {file = "black-23.3.0-py3-none-any.whl", hash = "sha256:ec751418022185b0c1bb7d7736e6933d40bbb14c14a0abcf9123d1b159f98dd4"},
    {file = "black-23.3.0.tar.gz", hash = "sha256:1c7b8d606e728a41ea1ccbd7264677e494e87cf630e399262ced92d4a8dac940"},
]

[[package]]
name = "certifi"
version = "2024.2.2"
requires_python = ">=3.6"
summary = "Python package for providing Mozilla's CA Bundle."
files = [
    {file = "certifi-2024.2.2-py3-none-any.whl", hash = "sha256:dc383c07b76109f368f6106eee2b593b04a011ea4d55f652c6ca24a754d1cdd1"},
    {file = "certifi-2024.2.2.tar.gz", hash = "sha256:0569859f95fc761b18b45ef421b1290a0f65f147e92a1e5eb3e635f9a5e4e66f"},
]

[[package]]
name = "click"
version = "8.1.7"
requires_python = ">=3.7"
summary = "Composable command line interface toolkit"
dependencies = [
    "colorama; platform_system == \"Windows\"",
    "importlib-metadata; python_version < \"3.8\"",
]
files = [
    {file = "click-8.1.7-py3-none-any.whl", hash = "sha256:ae74fb96c20a0277a1d615f1e4d73c8414f5a98db8b799a7931d1582f3390c28"},
    {file = "click-8.1.7.tar.gz", hash = "sha256:ca9853ad459e787e2192211578cc907e7594e294c7ccc834310722b41b9ca6de"},
]

[[package]]
name = "colorama"
version = "0.4.6"
requires_python = "!=3.0.*,!=3.1.*,!=3.2.*,!=3.3.*,!=3.4.*,!=3.5.*,!=3.6.*,>=2.7"
summary = "Cross-platform colored terminal text."
files = [
    {file = "colorama-0.4.6-py2.py3-none-any.whl", hash = "sha256:4f1d9991f5acc0ca119f9d443620b77f9d6b33703e51011c16baf57afb285fc6"},
    {file = "colorama-0.4.6.tar.gz", hash = "sha256:08695f5cb7ed6e0531a20572697297273c47b8cae5a63ffc6d6ed5c201be6e44"},
]

[[package]]
name = "dnspython"
version = "2.6.1"
requires_python = ">=3.8"
summary = "DNS toolkit"
files = [
    {file = "dnspython-2.6.1-py3-none-any.whl", hash = "sha256:5ef3b9680161f6fa89daf8ad451b5f1a33b18ae8a1c6778cdf4b43f08c0a6e50"},
    {file = "dnspython-2.6.1.tar.gz", hash = "sha256:e8f0f9c23a7b7cb99ded64e6c3a6f3e701d78f50c55e002b839dea7225cff7cc"},
]

[[package]]
name = "email-validator"
version = "2.2.0"
requires_python = ">=3.8"
summary = "A robust email address syntax and deliverability validation library."
dependencies = [
    "dnspython>=2.0.0",
    "idna>=2.0.0",
]
files = [
    {file = "email_validator-2.2.0-py3-none-any.whl", hash = "sha256:561977c2d73ce3611850a06fa56b414621e0c8faa9d66f2611407d87465da631"},
    {file = "email_validator-2.2.0.tar.gz", hash = "sha256:cb690f344c617a714f22e66ae771445a1ceb46821152df8e165c5f9a364582b7"},
]

[[package]]
name = "exceptiongroup"
version = "1.2.0"
requires_python = ">=3.7"
summary = "Backport of PEP 654 (exception groups)"
files = [
    {file = "exceptiongroup-1.2.0-py3-none-any.whl", hash = "sha256:4bfd3996ac73b41e9b9628b04e079f193850720ea5945fc96a08633c66912f14"},
    {file = "exceptiongroup-1.2.0.tar.gz", hash = "sha256:91f5c769735f051a4290d52edd0858999b57e5876e9f85937691bd4c9fa3ed68"},
]

[[package]]
name = "flake8"
version = "6.0.0"
requires_python = ">=3.8.1"
summary = "the modular source code checker: pep8 pyflakes and co"
dependencies = [
    "mccabe<0.8.0,>=0.7.0",
    "pycodestyle<2.11.0,>=2.10.0",
    "pyflakes<3.1.0,>=3.0.0",
]
files = [
    {file = "flake8-6.0.0-py2.py3-none-any.whl", hash = "sha256:3833794e27ff64ea4e9cf5d410082a8b97ff1a06c16aa3d2027339cd0f1195c7"},
    {file = "flake8-6.0.0.tar.gz", hash = "sha256:c61007e76655af75e6785a931f452915b371dc48f56efd765247c8fe68f2b181"},
]

[[package]]
name = "flake8-bugbear"
version = "23.3.12"
requires_python = ">=3.7"
summary = "A plugin for flake8 finding likely bugs and design problems in your program. Contains warnings that don't belong in pyflakes and pycodestyle."
dependencies = [
    "attrs>=19.2.0",
    "flake8>=3.0.0",
]
files = [
    {file = "flake8-bugbear-23.3.12.tar.gz", hash = "sha256:e3e7f74c8a49ad3794a7183353026dabd68c74030d5f46571f84c1fb0eb79363"},
    {file = "flake8_bugbear-23.3.12-py3-none-any.whl", hash = "sha256:beb5c7efcd7ccc2039ef66a77bb8db925e7be3531ff1cb4d0b7030d0e2113d72"},
]

[[package]]
name = "flake8-builtins"
version = "2.1.0"
requires_python = ">=3.7"
summary = "Check for python builtins being used as variables or parameters."
dependencies = [
    "flake8",
]
files = [
    {file = "flake8-builtins-2.1.0.tar.gz", hash = "sha256:12ff1ee96dd4e1f3141141ee6c45a5c7d3b3c440d0949e9b8d345c42b39c51d4"},
    {file = "flake8_builtins-2.1.0-py3-none-any.whl", hash = "sha256:469e8f03d6d0edf4b1e62b6d5a97dce4598592c8a13ec8f0952e7a185eba50a1"},
]

[[package]]
name = "flake8-commas"
version = "2.1.0"
summary = "Flake8 lint for trailing commas."
dependencies = [
    "flake8>=2",
]
files = [
    {file = "flake8-commas-2.1.0.tar.gz", hash = "sha256:940441ab8ee544df564ae3b3f49f20462d75d5c7cac2463e0b27436e2050f263"},
    {file = "flake8_commas-2.1.0-py2.py3-none-any.whl", hash = "sha256:ebb96c31e01d0ef1d0685a21f3f0e2f8153a0381430e748bf0bbbb5d5b453d54"},
]

[[package]]
name = "flake8-comprehensions"
version = "3.12.0"
requires_python = ">=3.7"
summary = "A flake8 plugin to help you write better list/set/dict comprehensions."
dependencies = [
    "flake8!=3.2.0,>=3.0",
    "importlib-metadata; python_version < \"3.8\"",
]
files = [
    {file = "flake8_comprehensions-3.12.0-py3-none-any.whl", hash = "sha256:013234637ec7dfcb7cd2900578fb53c512f81db909cefe371c019232695c362d"},
    {file = "flake8_comprehensions-3.12.0.tar.gz", hash = "sha256:419ef1a6e8de929203791a5e8ff5e3906caeba13eb3290eebdbf88a9078d502e"},
]

[[package]]
name = "flake8-quotes"
version = "3.3.2"
summary = "Flake8 lint for quotes."
dependencies = [
    "flake8",
]
files = [
    {file = "flake8-quotes-3.3.2.tar.gz", hash = "sha256:6e26892b632dacba517bf27219c459a8396dcfac0f5e8204904c5a4ba9b480e1"},
]

[[package]]
name = "flake8-variables-names"
version = "0.0.5"
requires_python = ">=3.7"
summary = "A flake8 extension that helps to make more readable variables names"
files = [
    {file = "flake8_variables_names-0.0.5-py3-none-any.whl", hash = "sha256:e3277031696bbe10b5132b49938cde1d70fcae9561533b7bd7ab8e69cb27addb"},
    {file = "flake8_variables_names-0.0.5.tar.gz", hash = "sha256:30133e14ee2300e13a60393a00f74d98110c76070ac67d1ab91606f02824a7e1"},
]

[[package]]
name = "freezegun"
version = "1.2.2"
requires_python = ">=3.6"
summary = "Let your Python tests travel through time"
dependencies = [
    "python-dateutil>=2.7",
]
files = [
    {file = "freezegun-1.2.2-py3-none-any.whl", hash = "sha256:ea1b963b993cb9ea195adbd893a48d573fda951b0da64f60883d7e988b606c9f"},
    {file = "freezegun-1.2.2.tar.gz", hash = "sha256:cd22d1ba06941384410cd967d8a99d5ae2442f57dfafeff2fda5de8dc5c05446"},
]

[[package]]
name = "h11"
version = "0.14.0"
requires_python = ">=3.7"
summary = "A pure-Python, bring-your-own-I/O implementation of HTTP/1.1"
dependencies = [
    "typing-extensions; python_version < \"3.8\"",
]
files = [
    {file = "h11-0.14.0-py3-none-any.whl", hash = "sha256:e3fe4ac4b851c468cc8363d500db52c2ead036020723024a109d37346efaa761"},
    {file = "h11-0.14.0.tar.gz", hash = "sha256:8f19fbbe99e72420ff35c00b27a34cb9937e902a8b810e2c88300c6f0a3b699d"},
]

[[package]]
name = "httpcore"
version = "0.17.3"
requires_python = ">=3.7"
summary = "A minimal low-level HTTP client."
dependencies = [
    "anyio<5.0,>=3.0",
    "certifi",
    "h11<0.15,>=0.13",
    "sniffio==1.*",
]
files = [
    {file = "httpcore-0.17.3-py3-none-any.whl", hash = "sha256:c2789b767ddddfa2a5782e3199b2b7f6894540b17b16ec26b2c4d8e103510b87"},
    {file = "httpcore-0.17.3.tar.gz", hash = "sha256:a6f30213335e34c1ade7be6ec7c47f19f50c56db36abef1a9dfa3815b1cb3888"},
]

[[package]]
name = "httpx"
version = "0.24.0"
requires_python = ">=3.7"
summary = "The next generation HTTP client."
dependencies = [
    "certifi",
    "httpcore<0.18.0,>=0.15.0",
    "idna",
    "sniffio",
]
files = [
    {file = "httpx-0.24.0-py3-none-any.whl", hash = "sha256:447556b50c1921c351ea54b4fe79d91b724ed2b027462ab9a329465d147d5a4e"},
    {file = "httpx-0.24.0.tar.gz", hash = "sha256:507d676fc3e26110d41df7d35ebd8b3b8585052450f4097401c9be59d928c63e"},
]

[[package]]
name = "idna"
version = "3.6"
requires_python = ">=3.5"
summary = "Internationalized Domain Names in Applications (IDNA)"
files = [
    {file = "idna-3.6-py3-none-any.whl", hash = "sha256:c05567e9c24a6b9faaa835c4821bad0590fbb9d5779e7caa6e1cc4978e7eb24f"},
    {file = "idna-3.6.tar.gz", hash = "sha256:9ecdbbd083b06798ae1e86adcbfe8ab1479cf864e4ee30fe4e46a003d12491ca"},
]

[[package]]
name = "iniconfig"
version = "2.0.0"
requires_python = ">=3.7"
summary = "brain-dead simple config-ini parsing"
files = [
    {file = "iniconfig-2.0.0-py3-none-any.whl", hash = "sha256:b6a85871a79d2e3b22d2d1b94ac2824226a63c6b741c88f7ae975f18b6778374"},
    {file = "iniconfig-2.0.0.tar.gz", hash = "sha256:2d91e135bf72d31a410b17c16da610a82cb55f6b0477d1a902134b24a455b8b3"},
]

[[package]]
name = "isort"
version = "5.12.0"
requires_python = ">=3.8.0"
summary = "A Python utility / library to sort Python imports."
files = [
    {file = "isort-5.12.0-py3-none-any.whl", hash = "sha256:f84c2818376e66cf843d497486ea8fed8700b340f308f076c6fb1229dff318b6"},
    {file = "isort-5.12.0.tar.gz", hash = "sha256:8bef7dde241278824a6d83f44a544709b065191b95b6e50894bdc722fcba0504"},
]

[[package]]
name = "mccabe"
version = "0.7.0"
requires_python = ">=3.6"
summary = "McCabe checker, plugin for flake8"
files = [
    {file = "mccabe-0.7.0-py2.py3-none-any.whl", hash = "sha256:6c2d30ab6be0e4a46919781807b4f0d834ebdd6c6e3dca0bda5a15f863427b6e"},
    {file = "mccabe-0.7.0.tar.gz", hash = "sha256:348e0240c33b60bbdf4e523192ef919f28cb2c3d7d5c7794f74009290f236325"},
]

[[package]]
name = "mypy"
version = "1.3.0"
requires_python = ">=3.7"
summary = "Optional static typing for Python"
dependencies = [
    "mypy-extensions>=1.0.0",
    "tomli>=1.1.0; python_version < \"3.11\"",
    "typed-ast<2,>=1.4.0; python_version < \"3.8\"",
    "typing-extensions>=3.10",
]
files = [
    {file = "mypy-1.3.0-cp310-cp310-macosx_10_9_x86_64.whl", hash = "sha256:c1eb485cea53f4f5284e5baf92902cd0088b24984f4209e25981cc359d64448d"},
    {file = "mypy-1.3.0-cp310-cp310-macosx_11_0_arm64.whl", hash = "sha256:4c99c3ecf223cf2952638da9cd82793d8f3c0c5fa8b6ae2b2d9ed1e1ff51ba85"},
    {file = "mypy-1.3.0-cp310-cp310-manylinux_2_17_x86_64.manylinux2014_x86_64.whl", hash = "sha256:550a8b3a19bb6589679a7c3c31f64312e7ff482a816c96e0cecec9ad3a7564dd"},
    {file = "mypy-1.3.0-cp310-cp310-musllinux_1_1_x86_64.whl", hash = "sha256:cbc07246253b9e3d7d74c9ff948cd0fd7a71afcc2b77c7f0a59c26e9395cb152"},
    {file = "mypy-1.3.0-cp310-cp310-win_amd64.whl", hash = "sha256:a22435632710a4fcf8acf86cbd0d69f68ac389a3892cb23fbad176d1cddaf228"},
    {file = "mypy-1.3.0-cp311-cp311-macosx_10_9_x86_64.whl", hash = "sha256:6e33bb8b2613614a33dff70565f4c803f889ebd2f859466e42b46e1df76018dd"},
    {file = "mypy-1.3.0-cp311-cp311-macosx_11_0_arm64.whl", hash = "sha256:7d23370d2a6b7a71dc65d1266f9a34e4cde9e8e21511322415db4b26f46f6b8c"},
    {file = "mypy-1.3.0-cp311-cp311-manylinux_2_17_x86_64.manylinux2014_x86_64.whl", hash = "sha256:658fe7b674769a0770d4b26cb4d6f005e88a442fe82446f020be8e5f5efb2fae"},
    {file = "mypy-1.3.0-cp311-cp311-musllinux_1_1_x86_64.whl", hash = "sha256:6e42d29e324cdda61daaec2336c42512e59c7c375340bd202efa1fe0f7b8f8ca"},
    {file = "mypy-1.3.0-cp311-cp311-win_amd64.whl", hash = "sha256:d0b6c62206e04061e27009481cb0ec966f7d6172b5b936f3ead3d74f29fe3dcf"},
    {file = "mypy-1.3.0-cp38-cp38-macosx_10_9_x86_64.whl", hash = "sha256:c5d2cc54175bab47011b09688b418db71403aefad07cbcd62d44010543fc143f"},
    {file = "mypy-1.3.0-cp38-cp38-macosx_11_0_arm64.whl", hash = "sha256:87df44954c31d86df96c8bd6e80dfcd773473e877ac6176a8e29898bfb3501cb"},
    {file = "mypy-1.3.0-cp38-cp38-manylinux_2_17_x86_64.manylinux2014_x86_64.whl", hash = "sha256:473117e310febe632ddf10e745a355714e771ffe534f06db40702775056614c4"},
    {file = "mypy-1.3.0-cp38-cp38-musllinux_1_1_x86_64.whl", hash = "sha256:74bc9b6e0e79808bf8678d7678b2ae3736ea72d56eede3820bd3849823e7f305"},
    {file = "mypy-1.3.0-cp38-cp38-win_amd64.whl", hash = "sha256:44797d031a41516fcf5cbfa652265bb994e53e51994c1bd649ffcd0c3a7eccbf"},
    {file = "mypy-1.3.0-cp39-cp39-macosx_10_9_x86_64.whl", hash = "sha256:ddae0f39ca146972ff6bb4399f3b2943884a774b8771ea0a8f50e971f5ea5ba8"},
    {file = "mypy-1.3.0-cp39-cp39-macosx_11_0_arm64.whl", hash = "sha256:1c4c42c60a8103ead4c1c060ac3cdd3ff01e18fddce6f1016e08939647a0e703"},
    {file = "mypy-1.3.0-cp39-cp39-manylinux_2_17_x86_64.manylinux2014_x86_64.whl", hash = "sha256:e86c2c6852f62f8f2b24cb7a613ebe8e0c7dc1402c61d36a609174f63e0ff017"},
    {file = "mypy-1.3.0-cp39-cp39-musllinux_1_1_x86_64.whl", hash = "sha256:f9dca1e257d4cc129517779226753dbefb4f2266c4eaad610fc15c6a7e14283e"},
    {file = "mypy-1.3.0-cp39-cp39-win_amd64.whl", hash = "sha256:95d8d31a7713510685b05fbb18d6ac287a56c8f6554d88c19e73f724a445448a"},
    {file = "mypy-1.3.0-py3-none-any.whl", hash = "sha256:a8763e72d5d9574d45ce5881962bc8e9046bf7b375b0abf031f3e6811732a897"},
    {file = "mypy-1.3.0.tar.gz", hash = "sha256:e1f4d16e296f5135624b34e8fb741eb0eadedca90862405b1f1fde2040b9bd11"},
]

[[package]]
name = "mypy-extensions"
version = "1.0.0"
requires_python = ">=3.5"
summary = "Type system extensions for programs checked with the mypy type checker."
files = [
    {file = "mypy_extensions-1.0.0-py3-none-any.whl", hash = "sha256:4392f6c0eb8a5668a69e23d168ffa70f0be9ccfd32b5cc2d26a34ae5b844552d"},
    {file = "mypy_extensions-1.0.0.tar.gz", hash = "sha256:75dbf8955dc00442a438fc4d0666508a9a97b6bd41aa2f0ffe9d2f2725af0782"},
]

[[package]]
name = "packaging"
version = "23.2"
requires_python = ">=3.7"
summary = "Core utilities for Python packages"
files = [
    {file = "packaging-23.2-py3-none-any.whl", hash = "sha256:8c491190033a9af7e1d931d0b5dacc2ef47509b34dd0de67ed209b5203fc88c7"},
    {file = "packaging-23.2.tar.gz", hash = "sha256:048fb0e9405036518eaaf48a55953c750c11e1a1b68e0dd1a9d62ed0c092cfc5"},
]

[[package]]
name = "pathspec"
version = "0.12.1"
requires_python = ">=3.8"
summary = "Utility library for gitignore style pattern matching of file paths."
files = [
    {file = "pathspec-0.12.1-py3-none-any.whl", hash = "sha256:a0d503e138a4c123b27490a4f7beda6a01c6f288df0e4a8b79c7eb0dc7b4cc08"},
    {file = "pathspec-0.12.1.tar.gz", hash = "sha256:a482d51503a1ab33b1c67a6c3813a26953dbdc71c31dacaef9a838c4e29f5712"},
]

[[package]]
name = "platformdirs"
version = "4.2.0"
requires_python = ">=3.8"
summary = "A small Python package for determining appropriate platform-specific dirs, e.g. a \"user data dir\"."
files = [
    {file = "platformdirs-4.2.0-py3-none-any.whl", hash = "sha256:0614df2a2f37e1a662acbd8e2b25b92ccf8632929bc6d43467e17fe89c75e068"},
    {file = "platformdirs-4.2.0.tar.gz", hash = "sha256:ef0cc731df711022c174543cb70a9b5bd22e5a9337c8624ef2c2ceb8ddad8768"},
]

[[package]]
name = "pluggy"
version = "1.4.0"
requires_python = ">=3.8"
summary = "plugin and hook calling mechanisms for python"
files = [
    {file = "pluggy-1.4.0-py3-none-any.whl", hash = "sha256:7db9f7b503d67d1c5b95f59773ebb58a8c1c288129a88665838012cfb07b8981"},
    {file = "pluggy-1.4.0.tar.gz", hash = "sha256:8c85c2876142a764e5b7548e7d9a0e0ddb46f5185161049a79b7e974454223be"},
]

[[package]]
name = "pycodestyle"
version = "2.10.0"
requires_python = ">=3.6"
summary = "Python style guide checker"
files = [
    {file = "pycodestyle-2.10.0-py2.py3-none-any.whl", hash = "sha256:8a4eaf0d0495c7395bdab3589ac2db602797d76207242c17d470186815706610"},
    {file = "pycodestyle-2.10.0.tar.gz", hash = "sha256:347187bdb476329d98f695c213d7295a846d1152ff4fe9bacb8a9590b8ee7053"},
]

[[package]]
name = "pydantic"
version = "2.10.6"
requires_python = ">=3.8"
summary = "Data validation using Python type hints"
dependencies = [
    "annotated-types>=0.6.0",
    "pydantic-core==2.27.2",
    "typing-extensions>=4.12.2",
]
files = [
    {file = "pydantic-2.10.6-py3-none-any.whl", hash = "sha256:427d664bf0b8a2b34ff5dd0f5a18df00591adcee7198fbd71981054cef37b584"},
    {file = "pydantic-2.10.6.tar.gz", hash = "sha256:ca5daa827cce33de7a42be142548b0096bf05a7e7b365aebfa5f8eeec7128236"},
]

[[package]]
name = "pydantic-core"
version = "2.27.2"
requires_python = ">=3.8"
summary = "Core functionality for Pydantic validation and serialization"
dependencies = [
    "typing-extensions!=4.7.0,>=4.6.0",
]
files = [
    {file = "pydantic_core-2.27.2-cp310-cp310-macosx_10_12_x86_64.whl", hash = "sha256:2d367ca20b2f14095a8f4fa1210f5a7b78b8a20009ecced6b12818f455b1e9fa"},
    {file = "pydantic_core-2.27.2-cp310-cp310-macosx_11_0_arm64.whl", hash = "sha256:491a2b73db93fab69731eaee494f320faa4e093dbed776be1a829c2eb222c34c"},
    {file = "pydantic_core-2.27.2-cp310-cp310-manylinux_2_17_aarch64.manylinux2014_aarch64.whl", hash = "sha256:7969e133a6f183be60e9f6f56bfae753585680f3b7307a8e555a948d443cc05a"},
    {file = "pydantic_core-2.27.2-cp310-cp310-manylinux_2_17_armv7l.manylinux2014_armv7l.whl", hash = "sha256:3de9961f2a346257caf0aa508a4da705467f53778e9ef6fe744c038119737ef5"},
    {file = "pydantic_core-2.27.2-cp310-cp310-manylinux_2_17_ppc64le.manylinux2014_ppc64le.whl", hash = "sha256:e2bb4d3e5873c37bb3dd58714d4cd0b0e6238cebc4177ac8fe878f8b3aa8e74c"},
    {file = "pydantic_core-2.27.2-cp310-cp310-manylinux_2_17_s390x.manylinux2014_s390x.whl", hash = "sha256:280d219beebb0752699480fe8f1dc61ab6615c2046d76b7ab7ee38858de0a4e7"},
    {file = "pydantic_core-2.27.2-cp310-cp310-manylinux_2_17_x86_64.manylinux2014_x86_64.whl", hash = "sha256:47956ae78b6422cbd46f772f1746799cbb862de838fd8d1fbd34a82e05b0983a"},
    {file = "pydantic_core-2.27.2-cp310-cp310-manylinux_2_5_i686.manylinux1_i686.whl", hash = "sha256:14d4a5c49d2f009d62a2a7140d3064f686d17a5d1a268bc641954ba181880236"},
    {file = "pydantic_core-2.27.2-cp310-cp310-musllinux_1_1_aarch64.whl", hash = "sha256:337b443af21d488716f8d0b6164de833e788aa6bd7e3a39c005febc1284f4962"},
    {file = "pydantic_core-2.27.2-cp310-cp310-musllinux_1_1_armv7l.whl", hash = "sha256:03d0f86ea3184a12f41a2d23f7ccb79cdb5a18e06993f8a45baa8dfec746f0e9"},
    {file = "pydantic_core-2.27.2-cp310-cp310-musllinux_1_1_x86_64.whl", hash = "sha256:7041c36f5680c6e0f08d922aed302e98b3745d97fe1589db0a3eebf6624523af"},
    {file = "pydantic_core-2.27.2-cp310-cp310-win32.whl", hash = "sha256:50a68f3e3819077be2c98110c1f9dcb3817e93f267ba80a2c05bb4f8799e2ff4"},
    {file = "pydantic_core-2.27.2-cp310-cp310-win_amd64.whl", hash = "sha256:e0fd26b16394ead34a424eecf8a31a1f5137094cabe84a1bcb10fa6ba39d3d31"},
    {file = "pydantic_core-2.27.2-cp311-cp311-macosx_10_12_x86_64.whl", hash = "sha256:8e10c99ef58cfdf2a66fc15d66b16c4a04f62bca39db589ae8cba08bc55331bc"},
    {file = "pydantic_core-2.27.2-cp311-cp311-macosx_11_0_arm64.whl", hash = "sha256:26f32e0adf166a84d0cb63be85c562ca8a6fa8de28e5f0d92250c6b7e9e2aff7"},
    {file = "pydantic_core-2.27.2-cp311-cp311-manylinux_2_17_aarch64.manylinux2014_aarch64.whl", hash = "sha256:8c19d1ea0673cd13cc2f872f6c9ab42acc4e4f492a7ca9d3795ce2b112dd7e15"},
    {file = "pydantic_core-2.27.2-cp311-cp311-manylinux_2_17_armv7l.manylinux2014_armv7l.whl", hash = "sha256:5e68c4446fe0810e959cdff46ab0a41ce2f2c86d227d96dc3847af0ba7def306"},
    {file = "pydantic_core-2.27.2-cp311-cp311-manylinux_2_17_ppc64le.manylinux2014_ppc64le.whl", hash = "sha256:d9640b0059ff4f14d1f37321b94061c6db164fbe49b334b31643e0528d100d99"},
    {file = "pydantic_core-2.27.2-cp311-cp311-manylinux_2_17_s390x.manylinux2014_s390x.whl", hash = "sha256:40d02e7d45c9f8af700f3452f329ead92da4c5f4317ca9b896de7ce7199ea459"},
    {file = "pydantic_core-2.27.2-cp311-cp311-manylinux_2_17_x86_64.manylinux2014_x86_64.whl", hash = "sha256:1c1fd185014191700554795c99b347d64f2bb637966c4cfc16998a0ca700d048"},
    {file = "pydantic_core-2.27.2-cp311-cp311-manylinux_2_5_i686.manylinux1_i686.whl", hash = "sha256:d81d2068e1c1228a565af076598f9e7451712700b673de8f502f0334f281387d"},
    {file = "pydantic_core-2.27.2-cp311-cp311-musllinux_1_1_aarch64.whl", hash = "sha256:1a4207639fb02ec2dbb76227d7c751a20b1a6b4bc52850568e52260cae64ca3b"},
    {file = "pydantic_core-2.27.2-cp311-cp311-musllinux_1_1_armv7l.whl", hash = "sha256:3de3ce3c9ddc8bbd88f6e0e304dea0e66d843ec9de1b0042b0911c1663ffd474"},
    {file = "pydantic_core-2.27.2-cp311-cp311-musllinux_1_1_x86_64.whl", hash = "sha256:30c5f68ded0c36466acede341551106821043e9afaad516adfb6e8fa80a4e6a6"},
    {file = "pydantic_core-2.27.2-cp311-cp311-win32.whl", hash = "sha256:c70c26d2c99f78b125a3459f8afe1aed4d9687c24fd677c6a4436bc042e50d6c"},
    {file = "pydantic_core-2.27.2-cp311-cp311-win_amd64.whl", hash = "sha256:08e125dbdc505fa69ca7d9c499639ab6407cfa909214d500897d02afb816e7cc"},
    {file = "pydantic_core-2.27.2-cp311-cp311-win_arm64.whl", hash = "sha256:26f0d68d4b235a2bae0c3fc585c585b4ecc51382db0e3ba402a22cbc440915e4"},
    {file = "pydantic_core-2.27.2-cp312-cp312-macosx_10_12_x86_64.whl", hash = "sha256:9e0c8cfefa0ef83b4da9588448b6d8d2a2bf1a53c3f1ae5fca39eb3061e2f0b0"},
    {file = "pydantic_core-2.27.2-cp312-cp312-macosx_11_0_arm64.whl", hash = "sha256:83097677b8e3bd7eaa6775720ec8e0405f1575015a463285a92bfdfe254529ef"},
    {file = "pydantic_core-2.27.2-cp312-cp312-manylinux_2_17_aarch64.manylinux2014_aarch64.whl", hash = "sha256:172fce187655fece0c90d90a678424b013f8fbb0ca8b036ac266749c09438cb7"},
    {file = "pydantic_core-2.27.2-cp312-cp312-manylinux_2_17_armv7l.manylinux2014_armv7l.whl", hash = "sha256:519f29f5213271eeeeb3093f662ba2fd512b91c5f188f3bb7b27bc5973816934"},
    {file = "pydantic_core-2.27.2-cp312-cp312-manylinux_2_17_ppc64le.manylinux2014_ppc64le.whl", hash = "sha256:05e3a55d124407fffba0dd6b0c0cd056d10e983ceb4e5dbd10dda135c31071d6"},
    {file = "pydantic_core-2.27.2-cp312-cp312-manylinux_2_17_s390x.manylinux2014_s390x.whl", hash = "sha256:9c3ed807c7b91de05e63930188f19e921d1fe90de6b4f5cd43ee7fcc3525cb8c"},
    {file = "pydantic_core-2.27.2-cp312-cp312-manylinux_2_17_x86_64.manylinux2014_x86_64.whl", hash = "sha256:6fb4aadc0b9a0c063206846d603b92030eb6f03069151a625667f982887153e2"},
    {file = "pydantic_core-2.27.2-cp312-cp312-manylinux_2_5_i686.manylinux1_i686.whl", hash = "sha256:28ccb213807e037460326424ceb8b5245acb88f32f3d2777427476e1b32c48c4"},
    {file = "pydantic_core-2.27.2-cp312-cp312-musllinux_1_1_aarch64.whl", hash = "sha256:de3cd1899e2c279b140adde9357c4495ed9d47131b4a4eaff9052f23398076b3"},
    {file = "pydantic_core-2.27.2-cp312-cp312-musllinux_1_1_armv7l.whl", hash = "sha256:220f892729375e2d736b97d0e51466252ad84c51857d4d15f5e9692f9ef12be4"},
    {file = "pydantic_core-2.27.2-cp312-cp312-musllinux_1_1_x86_64.whl", hash = "sha256:a0fcd29cd6b4e74fe8ddd2c90330fd8edf2e30cb52acda47f06dd615ae72da57"},
    {file = "pydantic_core-2.27.2-cp312-cp312-win32.whl", hash = "sha256:1e2cb691ed9834cd6a8be61228471d0a503731abfb42f82458ff27be7b2186fc"},
    {file = "pydantic_core-2.27.2-cp312-cp312-win_amd64.whl", hash = "sha256:cc3f1a99a4f4f9dd1de4fe0312c114e740b5ddead65bb4102884b384c15d8bc9"},
    {file = "pydantic_core-2.27.2-cp312-cp312-win_arm64.whl", hash = "sha256:3911ac9284cd8a1792d3cb26a2da18f3ca26c6908cc434a18f730dc0db7bfa3b"},
    {file = "pydantic_core-2.27.2-cp313-cp313-macosx_10_12_x86_64.whl", hash = "sha256:7d14bd329640e63852364c306f4d23eb744e0f8193148d4044dd3dacdaacbd8b"},
    {file = "pydantic_core-2.27.2-cp313-cp313-macosx_11_0_arm64.whl", hash = "sha256:82f91663004eb8ed30ff478d77c4d1179b3563df6cdb15c0817cd1cdaf34d154"},
    {file = "pydantic_core-2.27.2-cp313-cp313-manylinux_2_17_aarch64.manylinux2014_aarch64.whl", hash = "sha256:71b24c7d61131bb83df10cc7e687433609963a944ccf45190cfc21e0887b08c9"},
    {file = "pydantic_core-2.27.2-cp313-cp313-manylinux_2_17_armv7l.manylinux2014_armv7l.whl", hash = "sha256:fa8e459d4954f608fa26116118bb67f56b93b209c39b008277ace29937453dc9"},
    {file = "pydantic_core-2.27.2-cp313-cp313-manylinux_2_17_ppc64le.manylinux2014_ppc64le.whl", hash = "sha256:ce8918cbebc8da707ba805b7fd0b382816858728ae7fe19a942080c24e5b7cd1"},
    {file = "pydantic_core-2.27.2-cp313-cp313-manylinux_2_17_s390x.manylinux2014_s390x.whl", hash = "sha256:eda3f5c2a021bbc5d976107bb302e0131351c2ba54343f8a496dc8783d3d3a6a"},
    {file = "pydantic_core-2.27.2-cp313-cp313-manylinux_2_17_x86_64.manylinux2014_x86_64.whl", hash = "sha256:bd8086fa684c4775c27f03f062cbb9eaa6e17f064307e86b21b9e0abc9c0f02e"},
    {file = "pydantic_core-2.27.2-cp313-cp313-manylinux_2_5_i686.manylinux1_i686.whl", hash = "sha256:8d9b3388db186ba0c099a6d20f0604a44eabdeef1777ddd94786cdae158729e4"},
    {file = "pydantic_core-2.27.2-cp313-cp313-musllinux_1_1_aarch64.whl", hash = "sha256:7a66efda2387de898c8f38c0cf7f14fca0b51a8ef0b24bfea5849f1b3c95af27"},
    {file = "pydantic_core-2.27.2-cp313-cp313-musllinux_1_1_armv7l.whl", hash = "sha256:18a101c168e4e092ab40dbc2503bdc0f62010e95d292b27827871dc85450d7ee"},
    {file = "pydantic_core-2.27.2-cp313-cp313-musllinux_1_1_x86_64.whl", hash = "sha256:ba5dd002f88b78a4215ed2f8ddbdf85e8513382820ba15ad5ad8955ce0ca19a1"},
    {file = "pydantic_core-2.27.2-cp313-cp313-win32.whl", hash = "sha256:1ebaf1d0481914d004a573394f4be3a7616334be70261007e47c2a6fe7e50130"},
    {file = "pydantic_core-2.27.2-cp313-cp313-win_amd64.whl", hash = "sha256:953101387ecf2f5652883208769a79e48db18c6df442568a0b5ccd8c2723abee"},
    {file = "pydantic_core-2.27.2-cp313-cp313-win_arm64.whl", hash = "sha256:ac4dbfd1691affb8f48c2c13241a2e3b60ff23247cbcf981759c768b6633cf8b"},
    {file = "pydantic_core-2.27.2-cp38-cp38-macosx_10_12_x86_64.whl", hash = "sha256:d3e8d504bdd3f10835468f29008d72fc8359d95c9c415ce6e767203db6127506"},
    {file = "pydantic_core-2.27.2-cp38-cp38-macosx_11_0_arm64.whl", hash = "sha256:521eb9b7f036c9b6187f0b47318ab0d7ca14bd87f776240b90b21c1f4f149320"},
    {file = "pydantic_core-2.27.2-cp38-cp38-manylinux_2_17_aarch64.manylinux2014_aarch64.whl", hash = "sha256:85210c4d99a0114f5a9481b44560d7d1e35e32cc5634c656bc48e590b669b145"},
    {file = "pydantic_core-2.27.2-cp38-cp38-manylinux_2_17_armv7l.manylinux2014_armv7l.whl", hash = "sha256:d716e2e30c6f140d7560ef1538953a5cd1a87264c737643d481f2779fc247fe1"},
    {file = "pydantic_core-2.27.2-cp38-cp38-manylinux_2_17_ppc64le.manylinux2014_ppc64le.whl", hash = "sha256:f66d89ba397d92f840f8654756196d93804278457b5fbede59598a1f9f90b228"},
    {file = "pydantic_core-2.27.2-cp38-cp38-manylinux_2_17_s390x.manylinux2014_s390x.whl", hash = "sha256:669e193c1c576a58f132e3158f9dfa9662969edb1a250c54d8fa52590045f046"},
    {file = "pydantic_core-2.27.2-cp38-cp38-manylinux_2_17_x86_64.manylinux2014_x86_64.whl", hash = "sha256:9fdbe7629b996647b99c01b37f11170a57ae675375b14b8c13b8518b8320ced5"},
    {file = "pydantic_core-2.27.2-cp38-cp38-manylinux_2_5_i686.manylinux1_i686.whl", hash = "sha256:d262606bf386a5ba0b0af3b97f37c83d7011439e3dc1a9298f21efb292e42f1a"},
    {file = "pydantic_core-2.27.2-cp38-cp38-musllinux_1_1_aarch64.whl", hash = "sha256:cabb9bcb7e0d97f74df8646f34fc76fbf793b7f6dc2438517d7a9e50eee4f14d"},
    {file = "pydantic_core-2.27.2-cp38-cp38-musllinux_1_1_armv7l.whl", hash = "sha256:d2d63f1215638d28221f664596b1ccb3944f6e25dd18cd3b86b0a4c408d5ebb9"},
    {file = "pydantic_core-2.27.2-cp38-cp38-musllinux_1_1_x86_64.whl", hash = "sha256:bca101c00bff0adb45a833f8451b9105d9df18accb8743b08107d7ada14bd7da"},
    {file = "pydantic_core-2.27.2-cp38-cp38-win32.whl", hash = "sha256:f6f8e111843bbb0dee4cb6594cdc73e79b3329b526037ec242a3e49012495b3b"},
    {file = "pydantic_core-2.27.2-cp38-cp38-win_amd64.whl", hash = "sha256:fd1aea04935a508f62e0d0ef1f5ae968774a32afc306fb8545e06f5ff5cdf3ad"},
    {file = "pydantic_core-2.27.2-cp39-cp39-macosx_10_12_x86_64.whl", hash = "sha256:c10eb4f1659290b523af58fa7cffb452a61ad6ae5613404519aee4bfbf1df993"},
    {file = "pydantic_core-2.27.2-cp39-cp39-macosx_11_0_arm64.whl", hash = "sha256:ef592d4bad47296fb11f96cd7dc898b92e795032b4894dfb4076cfccd43a9308"},
    {file = "pydantic_core-2.27.2-cp39-cp39-manylinux_2_17_aarch64.manylinux2014_aarch64.whl", hash = "sha256:c61709a844acc6bf0b7dce7daae75195a10aac96a596ea1b776996414791ede4"},
    {file = "pydantic_core-2.27.2-cp39-cp39-manylinux_2_17_armv7l.manylinux2014_armv7l.whl", hash = "sha256:42c5f762659e47fdb7b16956c71598292f60a03aa92f8b6351504359dbdba6cf"},
    {file = "pydantic_core-2.27.2-cp39-cp39-manylinux_2_17_ppc64le.manylinux2014_ppc64le.whl", hash = "sha256:4c9775e339e42e79ec99c441d9730fccf07414af63eac2f0e48e08fd38a64d76"},
    {file = "pydantic_core-2.27.2-cp39-cp39-manylinux_2_17_s390x.manylinux2014_s390x.whl", hash = "sha256:57762139821c31847cfb2df63c12f725788bd9f04bc2fb392790959b8f70f118"},
    {file = "pydantic_core-2.27.2-cp39-cp39-manylinux_2_17_x86_64.manylinux2014_x86_64.whl", hash = "sha256:0d1e85068e818c73e048fe28cfc769040bb1f475524f4745a5dc621f75ac7630"},
    {file = "pydantic_core-2.27.2-cp39-cp39-manylinux_2_5_i686.manylinux1_i686.whl", hash = "sha256:097830ed52fd9e427942ff3b9bc17fab52913b2f50f2880dc4a5611446606a54"},
    {file = "pydantic_core-2.27.2-cp39-cp39-musllinux_1_1_aarch64.whl", hash = "sha256:044a50963a614ecfae59bb1eaf7ea7efc4bc62f49ed594e18fa1e5d953c40e9f"},
    {file = "pydantic_core-2.27.2-cp39-cp39-musllinux_1_1_armv7l.whl", hash = "sha256:4e0b4220ba5b40d727c7f879eac379b822eee5d8fff418e9d3381ee45b3b0362"},
    {file = "pydantic_core-2.27.2-cp39-cp39-musllinux_1_1_x86_64.whl", hash = "sha256:5e4f4bb20d75e9325cc9696c6802657b58bc1dbbe3022f32cc2b2b632c3fbb96"},
    {file = "pydantic_core-2.27.2-cp39-cp39-win32.whl", hash = "sha256:cca63613e90d001b9f2f9a9ceb276c308bfa2a43fafb75c8031c4f66039e8c6e"},
    {file = "pydantic_core-2.27.2-cp39-cp39-win_amd64.whl", hash = "sha256:77d1bca19b0f7021b3a982e6f903dcd5b2b06076def36a652e3907f596e29f67"},
    {file = "pydantic_core-2.27.2-pp310-pypy310_pp73-macosx_10_12_x86_64.whl", hash = "sha256:2bf14caea37e91198329b828eae1618c068dfb8ef17bb33287a7ad4b61ac314e"},
    {file = "pydantic_core-2.27.2-pp310-pypy310_pp73-macosx_11_0_arm64.whl", hash = "sha256:b0cb791f5b45307caae8810c2023a184c74605ec3bcbb67d13846c28ff731ff8"},
    {file = "pydantic_core-2.27.2-pp310-pypy310_pp73-manylinux_2_17_aarch64.manylinux2014_aarch64.whl", hash = "sha256:688d3fd9fcb71f41c4c015c023d12a79d1c4c0732ec9eb35d96e3388a120dcf3"},
    {file = "pydantic_core-2.27.2-pp310-pypy310_pp73-manylinux_2_17_x86_64.manylinux2014_x86_64.whl", hash = "sha256:3d591580c34f4d731592f0e9fe40f9cc1b430d297eecc70b962e93c5c668f15f"},
    {file = "pydantic_core-2.27.2-pp310-pypy310_pp73-manylinux_2_5_i686.manylinux1_i686.whl", hash = "sha256:82f986faf4e644ffc189a7f1aafc86e46ef70372bb153e7001e8afccc6e54133"},
    {file = "pydantic_core-2.27.2-pp310-pypy310_pp73-musllinux_1_1_aarch64.whl", hash = "sha256:bec317a27290e2537f922639cafd54990551725fc844249e64c523301d0822fc"},
    {file = "pydantic_core-2.27.2-pp310-pypy310_pp73-musllinux_1_1_armv7l.whl", hash = "sha256:0296abcb83a797db256b773f45773da397da75a08f5fcaef41f2044adec05f50"},
    {file = "pydantic_core-2.27.2-pp310-pypy310_pp73-musllinux_1_1_x86_64.whl", hash = "sha256:0d75070718e369e452075a6017fbf187f788e17ed67a3abd47fa934d001863d9"},
    {file = "pydantic_core-2.27.2-pp310-pypy310_pp73-win_amd64.whl", hash = "sha256:7e17b560be3c98a8e3aa66ce828bdebb9e9ac6ad5466fba92eb74c4c95cb1151"},
    {file = "pydantic_core-2.27.2-pp39-pypy39_pp73-macosx_10_12_x86_64.whl", hash = "sha256:c33939a82924da9ed65dab5a65d427205a73181d8098e79b6b426bdf8ad4e656"},
    {file = "pydantic_core-2.27.2-pp39-pypy39_pp73-macosx_11_0_arm64.whl", hash = "sha256:00bad2484fa6bda1e216e7345a798bd37c68fb2d97558edd584942aa41b7d278"},
    {file = "pydantic_core-2.27.2-pp39-pypy39_pp73-manylinux_2_17_aarch64.manylinux2014_aarch64.whl", hash = "sha256:c817e2b40aba42bac6f457498dacabc568c3b7a986fc9ba7c8d9d260b71485fb"},
    {file = "pydantic_core-2.27.2-pp39-pypy39_pp73-manylinux_2_17_x86_64.manylinux2014_x86_64.whl", hash = "sha256:251136cdad0cb722e93732cb45ca5299fb56e1344a833640bf93b2803f8d1bfd"},
    {file = "pydantic_core-2.27.2-pp39-pypy39_pp73-manylinux_2_5_i686.manylinux1_i686.whl", hash = "sha256:d2088237af596f0a524d3afc39ab3b036e8adb054ee57cbb1dcf8e09da5b29cc"},
    {file = "pydantic_core-2.27.2-pp39-pypy39_pp73-musllinux_1_1_aarch64.whl", hash = "sha256:d4041c0b966a84b4ae7a09832eb691a35aec90910cd2dbe7a208de59be77965b"},
    {file = "pydantic_core-2.27.2-pp39-pypy39_pp73-musllinux_1_1_armv7l.whl", hash = "sha256:8083d4e875ebe0b864ffef72a4304827015cff328a1be6e22cc850753bfb122b"},
    {file = "pydantic_core-2.27.2-pp39-pypy39_pp73-musllinux_1_1_x86_64.whl", hash = "sha256:f141ee28a0ad2123b6611b6ceff018039df17f32ada8b534e6aa039545a3efb2"},
    {file = "pydantic_core-2.27.2-pp39-pypy39_pp73-win_amd64.whl", hash = "sha256:7d0c8399fcc1848491f00e0314bd59fb34a9c008761bcb422a057670c3f65e35"},
    {file = "pydantic_core-2.27.2.tar.gz", hash = "sha256:eb026e5a4c1fee05726072337ff51d1efb6f59090b7da90d30ea58625b1ffb39"},
]

[[package]]
name = "pyflakes"
version = "3.0.1"
requires_python = ">=3.6"
summary = "passive checker of Python programs"
files = [
    {file = "pyflakes-3.0.1-py2.py3-none-any.whl", hash = "sha256:ec55bf7fe21fff7f1ad2f7da62363d749e2a470500eab1b555334b67aa1ef8cf"},
    {file = "pyflakes-3.0.1.tar.gz", hash = "sha256:ec8b276a6b60bd80defed25add7e439881c19e64850afd9b346283d4165fd0fd"},
]

[[package]]
name = "pytest"
version = "7.3.1"
requires_python = ">=3.7"
summary = "pytest: simple powerful testing with Python"
dependencies = [
    "colorama; sys_platform == \"win32\"",
    "exceptiongroup>=1.0.0rc8; python_version < \"3.11\"",
    "importlib-metadata>=0.12; python_version < \"3.8\"",
    "iniconfig",
    "packaging",
    "pluggy<2.0,>=0.12",
    "tomli>=1.0.0; python_version < \"3.11\"",
]
files = [
    {file = "pytest-7.3.1-py3-none-any.whl", hash = "sha256:3799fa815351fea3a5e96ac7e503a96fa51cc9942c3753cda7651b93c1cfa362"},
    {file = "pytest-7.3.1.tar.gz", hash = "sha256:434afafd78b1d78ed0addf160ad2b77a30d35d4bdf8af234fe621919d9ed15e3"},
]

[[package]]
name = "pytest-asyncio"
version = "0.21.0"
requires_python = ">=3.7"
summary = "Pytest support for asyncio"
dependencies = [
    "pytest>=7.0.0",
    "typing-extensions>=3.7.2; python_version < \"3.8\"",
]
files = [
    {file = "pytest-asyncio-0.21.0.tar.gz", hash = "sha256:2b38a496aef56f56b0e87557ec313e11e1ab9276fc3863f6a7be0f1d0e415e1b"},
    {file = "pytest_asyncio-0.21.0-py3-none-any.whl", hash = "sha256:f2b3366b7cd501a4056858bd39349d5af19742aed2d81660b7998b6341c7eb9c"},
]

[[package]]
name = "pytest-httpx"
version = "0.22.0"
requires_python = ">=3.7"
summary = "Send responses to httpx."
dependencies = [
    "httpx==0.24.*",
    "pytest<8.0,>=6.0",
]
files = [
    {file = "pytest_httpx-0.22.0-py3-none-any.whl", hash = "sha256:cefb7dcf66a4cb0601b0de05e576cca423b6081f3245e7912a4d84c58fa3eae8"},
    {file = "pytest_httpx-0.22.0.tar.gz", hash = "sha256:3a82797f3a9a14d51e8c6b7fa97524b68b847ee801109c062e696b4744f4431c"},
]

[[package]]
name = "python-dateutil"
version = "2.9.0.post0"
requires_python = "!=3.0.*,!=3.1.*,!=3.2.*,>=2.7"
summary = "Extensions to the standard Python datetime module"
dependencies = [
    "six>=1.5",
]
files = [
    {file = "python-dateutil-2.9.0.post0.tar.gz", hash = "sha256:37dd54208da7e1cd875388217d5e00ebd4179249f90fb72437e91a35459a0ad3"},
    {file = "python_dateutil-2.9.0.post0-py2.py3-none-any.whl", hash = "sha256:a8b2bc7bffae282281c8140a97d3aa9c14da0b136dfe83f850eea9a5f7470427"},
]

[[package]]
name = "respx"
version = "0.20.1"
requires_python = ">=3.7"
summary = "A utility for mocking out the Python HTTPX and HTTP Core libraries."
dependencies = [
    "httpx>=0.21.0",
]
files = [
    {file = "respx-0.20.1-py2.py3-none-any.whl", hash = "sha256:372f06991c03d1f7f480a420a2199d01f1815b6ed5a802f4e4628043a93bd03e"},
    {file = "respx-0.20.1.tar.gz", hash = "sha256:cc47a86d7010806ab65abdcf3b634c56337a737bb5c4d74c19a0dfca83b3bc73"},
]

[[package]]
name = "setuptools"
version = "67.7.2"
requires_python = ">=3.7"
summary = "Easily download, build, install, upgrade, and uninstall Python packages"
files = [
    {file = "setuptools-67.7.2-py3-none-any.whl", hash = "sha256:23aaf86b85ca52ceb801d32703f12d77517b2556af839621c641fca11287952b"},
    {file = "setuptools-67.7.2.tar.gz", hash = "sha256:f104fa03692a2602fa0fec6c6a9e63b6c8a968de13e17c026957dd1f53d80990"},
]

[[package]]
name = "six"
version = "1.16.0"
requires_python = ">=2.7, !=3.0.*, !=3.1.*, !=3.2.*"
summary = "Python 2 and 3 compatibility utilities"
files = [
    {file = "six-1.16.0-py2.py3-none-any.whl", hash = "sha256:8abb2f1d86890a2dfb989f9a77cfcfd3e47c2a354b01111771326f8aa26e0254"},
    {file = "six-1.16.0.tar.gz", hash = "sha256:1e61c37477a1626458e36f7b1d82aa5c9b094fa4802892072e49de9c60c4c926"},
]

[[package]]
name = "sniffio"
version = "1.3.1"
requires_python = ">=3.7"
summary = "Sniff out which async library your code is running under"
files = [
    {file = "sniffio-1.3.1-py3-none-any.whl", hash = "sha256:2f6da418d1f1e0fddd844478f41680e794e6051915791a034ff65e5f100525a2"},
    {file = "sniffio-1.3.1.tar.gz", hash = "sha256:f4324edc670a0f49750a81b895f35c3adb843cca46f0530f79fc1babb23789dc"},
]

[[package]]
name = "toml"
version = "0.10.2"
requires_python = ">=2.6, !=3.0.*, !=3.1.*, !=3.2.*"
summary = "Python Library for Tom's Obvious, Minimal Language"
files = [
    {file = "toml-0.10.2-py2.py3-none-any.whl", hash = "sha256:806143ae5bfb6a3c6e736a764057db0e6a0e05e338b5630894a5f779cabb4f9b"},
    {file = "toml-0.10.2.tar.gz", hash = "sha256:b3bda1d108d5dd99f4a20d24d9c348e91c4db7ab1b749200bded2f839ccbe68f"},
]

[[package]]
name = "tomli"
version = "2.0.1"
requires_python = ">=3.7"
summary = "A lil' TOML parser"
files = [
    {file = "tomli-2.0.1-py3-none-any.whl", hash = "sha256:939de3e7a6161af0c887ef91b7d41a53e7c5a1ca976325f429cb46ea9bc30ecc"},
    {file = "tomli-2.0.1.tar.gz", hash = "sha256:de526c12914f0c550d15924c62d72abc48d6fe7364aa87328337a31007fe8a4f"},
]

[[package]]
name = "typing-extensions"
version = "4.13.2"
requires_python = ">=3.8"
summary = "Backported and Experimental Type Hints for Python 3.8+"
files = [
    {file = "typing_extensions-4.13.2-py3-none-any.whl", hash = "sha256:a439e7c04b49fec3e5d3e2beaa21755cadbbdc391694e28ccdd36ca4a1408f8c"},
    {file = "typing_extensions-4.13.2.tar.gz", hash = "sha256:e6c81219bd689f51865d9e372991c540bda33a0379d5573cddb9a3a23f7caaef"},
]
